{
  "name": "ssr-with-actix-tailwind",
  "lockfileVersion": 3,
  "requires": true,
  "packages": {
    "": {
      "dependencies": {
        "@radix-ui/colors": "^3.0.0"
      }
    },
    "node_modules/@radix-ui/colors": {
      "version": "3.0.0",
      "resolved": "https://registry.npmjs.org/@radix-ui/colors/-/colors-3.0.0.tgz",
      "integrity": "sha512-FUOsGBkHrYJwCSEtWRCIfQbZG7q1e6DgxCIOe1SUQzDe/7rXXeA47s8yCn6fuTNQAj1Zq4oTFi9Yjp3wzElcxg=="
    }
  }
}
